
Microsoft Visual Studio Solution File, Format Version 12.00
# Visual Studio Version 16
VisualStudioVersion = 16.0.28917.182
MinimumVisualStudioVersion = 10.0.40219.1
Project("{FAE04EC0-301F-11D3-BF4B-00C04F79EFBC}") = "arctium-website", "arctium-website\arctium-website.csproj", "{22658AEE-E742-4A0C-B39D-09A3227D06FD}"
EndProject
Global
	GlobalSection(SolutionConfigurationPlatforms) = preSolution
		Debug|Any CPU = Debug|Any CPU
		Release|Any CPU = Release|Any CPU
	EndGlobalSection
	GlobalSection(ProjectConfigurationPlatforms) = postSolution
		{22658AEE-E742-4A0C-B39D-09A3227D06FD}.Debug|Any CPU.ActiveCfg = Debug|Any CPU
		{22658AEE-E742-4A0C-B39D-09A3227D06FD}.Debug|Any CPU.Build.0 = Debug|Any CPU
		{22658AEE-E742-4A0C-B39D-09A3227D06FD}.Release|Any CPU.ActiveCfg = Release|Any CPU
		{22658AEE-E742-4A0C-B39D-09A3227D06FD}.Release|Any CPU.Build.0 = Release|Any CPU
	EndGlobalSection
	GlobalSection(SolutionProperties) = preSolution
		HideSolutionNode = FALSE
	EndGlobalSection
	GlobalSection(ExtensibilityGlobals) = postSolution
		SolutionGuid = {E902ACB3-7ED9-44A1-8B78-B7D926420A52}
	EndGlobalSection
EndGlobal
